<?xml version="1.0" encoding="utf-8"?>
<Project ToolsVersion="4.0" xmlns="http://schemas.microsoft.com/developer/msbuild/2003">
  <ItemGroup>
    <Filter Include="Source Files">
      <UniqueIdentifier>{4FC737F1-C7A5-4376-A066-2A32D752A2FF}</UniqueIdentifier>
      <Extensions>cpp;c;cc;cxx;def;odl;idl;hpj;bat;asm;asmx</Extensions>
    </Filter>
    <Filter Include="Header Files">
      <UniqueIdentifier>{93995380-89BD-4b04-88EB-625FBE52EBFB}</UniqueIdentifier>
      <Extensions>h;hh;hpp;hxx;hm;inl;inc;ipp;xsd</Extensions>
    </Filter>
    <Filter Include="Resource Files">
      <UniqueIdentifier>{67DA6AB6-F800-4c08-8B7A-83BB121AAD01}</UniqueIdentifier>
      <Extensions>rc;ico;cur;bmp;dlg;rc2;rct;bin;rgs;gif;jpg;jpeg;jpe;resx;tiff;tif;png;wav;mfcribbon-ms</Extensions>
    </Filter>
    <Filter Include="Source Files\Models">
      <UniqueIdentifier>{50bc8687-3ba8-42ab-97c4-df89274ee087}</UniqueIdentifier>
    </Filter>
    <Filter Include="Header Files\Models">
      <UniqueIdentifier>{509defa7-c38e-40a0-b58d-5d53bba4fb47}</UniqueIdentifier>
    </Filter>
    <Filter Include="Header Files\Models\Stages">
      <UniqueIdentifier>{4e1ec55e-dd60-4afd-8226-c3427be8f89f}</UniqueIdentifier>
    </Filter>
    <Filter Include="Source Files\Models\Stages">
      <UniqueIdentifier>{4b31fc57-ac95-4f23-a5d2-c89effc841da}</UniqueIdentifier>
    </Filter>
    <Filter Include="Source Files\Models\Screens">
      <UniqueIdentifier>{a2bc36d9-c245-4369-abe9-8a840d0b39d8}</UniqueIdentifier>
    </Filter>
    <Filter Include="Header Files\Models\Screens">
      <UniqueIdentifier>{2d7168b0-b00f-49bd-9ee3-90681a4d3d3c}</UniqueIdentifier>
    </Filter>
    <Filter Include="Header Files\Utils">
      <UniqueIdentifier>{52f0da9f-0030-445f-9490-4c8f48b42714}</UniqueIdentifier>
    </Filter>
    <Filter Include="Header Files\Models\Enums">
      <UniqueIdentifier>{4ee60312-5f19-4e1f-b607-600e32bf0b2d}</UniqueIdentifier>
    </Filter>
    <Filter Include="Header Files\Models\Actors">
      <UniqueIdentifier>{55cbe822-7956-4faa-a22b-d2aa6527bd52}</UniqueIdentifier>
    </Filter>
    <Filter Include="Source Files\Models\Actors">
      <UniqueIdentifier>{ca3dd05f-b512-4492-8afb-8ec3a1605fcb}</UniqueIdentifier>
    </Filter>
    <Filter Include="Header Files\Models\Drawables">
      <UniqueIdentifier>{a6e02d0c-56ee-4279-94af-c60cbd06ceb0}</UniqueIdentifier>
    </Filter>
    <Filter Include="Source Files\Models\Drawables">
      <UniqueIdentifier>{16b7cab8-c7cf-44a6-9929-27b1955244b3}</UniqueIdentifier>
    </Filter>
  </ItemGroup>
  <ItemGroup>
    <ClCompile Include="src\Models\Stages\StageBackground.cpp">
      <Filter>Source Files\Models\Stages</Filter>
    </ClCompile>
    <ClCompile Include="src\Models\Screens\ScreenPlay.cpp">
      <Filter>Source Files\Models\Screens</Filter>
    </ClCompile>
    <ClCompile Include="src\Models\Screens\Screen.cpp">
      <Filter>Source Files\Models\Screens</Filter>
    </ClCompile>
    <ClCompile Include="src\Models\Game.cpp">
      <Filter>Source Files\Models</Filter>
    </ClCompile>
    <ClCompile Include="src\main.cpp">
      <Filter>Source Files</Filter>
    </ClCompile>
    <ClCompile Include="src\Models\Stages\StageBoard.cpp">
      <Filter>Source Files\Models\Stages</Filter>
    </ClCompile>
    <ClCompile Include="src\Models\Board.cpp">
      <Filter>Source Files\Models</Filter>
    </ClCompile>
    <ClCompile Include="src\Models\Stages\StageBoardValues.cpp">
      <Filter>Source Files\Models\Stages</Filter>
    </ClCompile>
    <ClCompile Include="src\Models\Screens\ScreenMenu.cpp">
      <Filter>Source Files\Models\Screens</Filter>
    </ClCompile>
    <ClCompile Include="src\Models\Actors\Animation.cpp">
      <Filter>Source Files\Models\Actors</Filter>
    </ClCompile>
    <ClCompile Include="src\Models\Actors\Actor.cpp">
      <Filter>Source Files\Models\Actors</Filter>
    </ClCompile>
    <ClCompile Include="src\Models\Actors\Button.cpp">
      <Filter>Source Files\Models\Actors</Filter>
    </ClCompile>
    <ClCompile Include="src\Models\Stages\StageDifficultyMenu.cpp">
      <Filter>Source Files\Models\Stages</Filter>
    </ClCompile>
    <ClCompile Include="src\Models\Stages\StageInGameUI.cpp">
      <Filter>Source Files\Models\Stages</Filter>
    </ClCompile>
    <ClCompile Include="src\Models\Stages\Stage.cpp">
      <Filter>Source Files\Models\Stages</Filter>
    </ClCompile>
    <ClCompile Include="src\Models\Actors\ButtonGroup.cpp">
      <Filter>Source Files\Models\Actors</Filter>
    </ClCompile>
    <ClCompile Include="src\Models\Actors\Clickable.cpp">
      <Filter>Source Files\Models\Actors</Filter>
    </ClCompile>
    <ClCompile Include="src\Models\Stages\StageComplete.cpp">
      <Filter>Source Files\Models\Stages</Filter>
    </ClCompile>
    <ClCompile Include="src\Models\Stages\StageInMenuUI.cpp">
      <Filter>Source Files\Models\Stages</Filter>
    </ClCompile>
    <ClCompile Include="src\Models\Screens\ScreenTutorial.cpp">
      <Filter>Source Files\Models\Screens</Filter>
    </ClCompile>
    <ClCompile Include="src\Models\Stages\StageMessage.cpp">
      <Filter>Source Files\Models\Stages</Filter>
    </ClCompile>
    <ClCompile Include="src\Models\Drawables\RoundedRectangleShape.cpp">
      <Filter>Source Files\Models\Drawables</Filter>
    </ClCompile>
    <ClCompile Include="src\Models\Drawables\MultilineText.cpp">
      <Filter>Source Files\Models\Drawables</Filter>
    </ClCompile>
  </ItemGroup>
  <ItemGroup>
    <ClInclude Include="src\Models\Stages\Stage.h">
      <Filter>Header Files\Models\Stages</Filter>
    </ClInclude>
    <ClInclude Include="src\Models\Stages\StageBackground.h">
      <Filter>Header Files\Models\Stages</Filter>
    </ClInclude>
    <ClInclude Include="src\Models\Screens\ScreenPlay.h">
      <Filter>Header Files\Models\Screens</Filter>
    </ClInclude>
    <ClInclude Include="src\Models\Screens\Screen.h">
      <Filter>Header Files\Models\Screens</Filter>
    </ClInclude>
    <ClInclude Include="src\Models\Game.h">
      <Filter>Header Files\Models</Filter>
    </ClInclude>
    <ClInclude Include="src\Utils\ResourceHolder.h">
      <Filter>Header Files\Utils</Filter>
    </ClInclude>
    <ClInclude Include="src\Utils\ResourceIdentifier.h">
      <Filter>Header Files\Utils</Filter>
    </ClInclude>
    <ClInclude Include="src\Models\Stages\StageBoard.h">
      <Filter>Header Files\Models\Stages</Filter>
    </ClInclude>
    <ClInclude Include="src\Models\Board.h">
      <Filter>Header Files\Models</Filter>
    </ClInclude>
    <ClInclude Include="src\Utils\Utils.h">
      <Filter>Header Files\Utils</Filter>
    </ClInclude>
    <ClInclude Include="src\Models\Stages\StageBoardValues.h">
      <Filter>Header Files\Models\Stages</Filter>
    </ClInclude>
    <ClInclude Include="src\Models\Screens\ScreenMenu.h">
      <Filter>Header Files\Models\Screens</Filter>
    </ClInclude>
    <ClInclude Include="src\Models\Actors\Actor.h">
      <Filter>Header Files\Models\Actors</Filter>
    </ClInclude>
    <ClInclude Include="src\Models\Actors\Button.h">
      <Filter>Header Files\Models\Actors</Filter>
    </ClInclude>
    <ClInclude Include="src\Models\Actors\Animation.h">
      <Filter>Header Files\Models\Actors</Filter>
    </ClInclude>
    <ClInclude Include="src\Models\Enums\State.h">
      <Filter>Header Files\Models\Enums</Filter>
    </ClInclude>
    <ClInclude Include="src\Models\Enums\Difficulty.h">
      <Filter>Header Files\Models\Enums</Filter>
    </ClInclude>
    <ClInclude Include="src\Models\Stages\StageInGameUI.h">
      <Filter>Header Files\Models\Stages</Filter>
    </ClInclude>
    <ClInclude Include="src\Models\Actors\ButtonGroup.h">
      <Filter>Header Files\Models\Actors</Filter>
    </ClInclude>
    <ClInclude Include="src\Models\Actors\Clickable.h">
      <Filter>Header Files\Models\Actors</Filter>
    </ClInclude>
    <ClInclude Include="src\Models\Stages\StageComplete.h">
      <Filter>Header Files\Models\Stages</Filter>
    </ClInclude>
    <ClInclude Include="src\Models\Stages\StageInMenuUI.h">
      <Filter>Header Files\Models\Stages</Filter>
    </ClInclude>
    <ClInclude Include="src\Models\Screens\ScreenTutorial.h">
      <Filter>Header Files\Models\Screens</Filter>
    </ClInclude>
    <ClInclude Include="src\Models\Stages\StageMessage.h">
      <Filter>Header Files\Models\Stages</Filter>
    </ClInclude>
    <ClInclude Include="src\Models\Drawables\MultilineText.h">
      <Filter>Header Files\Models\Drawables</Filter>
    </ClInclude>
    <ClInclude Include="src\Models\Drawables\RoundedRectangleShape.h">
      <Filter>Header Files\Models\Drawables</Filter>
    </ClInclude>
    <ClInclude Include="src\Models\Enums\Align.h">
      <Filter>Header Files\Models\Enums</Filter>
    </ClInclude>
  </ItemGroup>
</Project>